// !$*UTF8*$!
{
	archiveVersion = 1;
	classes = {
	};
	objectVersion = 46;
	objects = {

/* Begin PBXBuildFile section */
		88553292BB2FF176AD325DB8 /* Pods_MovieGuide.framework in Frameworks */ = {isa = PBXBuildFile; fileRef = 9E9FA007925CF3EA4C0AF16F /* Pods_MovieGuide.framework */; };
		EC87ED191DA07ECC0077C48B /* Movie.swift in Sources */ = {isa = PBXBuildFile; fileRef = EC87ED181DA07ECC0077C48B /* Movie.swift */; };
		EC87ED1B1DA081F80077C48B /* MovieDetailController.swift in Sources */ = {isa = PBXBuildFile; fileRef = EC87ED1A1DA081F80077C48B /* MovieDetailController.swift */; };
		ECF92E051D8E887800E4C9D6 /* AppDelegate.swift in Sources */ = {isa = PBXBuildFile; fileRef = ECF92E041D8E887800E4C9D6 /* AppDelegate.swift */; };
		ECF92E071D8E887800E4C9D6 /* ViewController.swift in Sources */ = {isa = PBXBuildFile; fileRef = ECF92E061D8E887800E4C9D6 /* ViewController.swift */; };
		ECF92E0A1D8E887800E4C9D6 /* Main.storyboard in Resources */ = {isa = PBXBuildFile; fileRef = ECF92E081D8E887800E4C9D6 /* Main.storyboard */; };
		ECF92E0C1D8E887800E4C9D6 /* Assets.xcassets in Resources */ = {isa = PBXBuildFile; fileRef = ECF92E0B1D8E887800E4C9D6 /* Assets.xcassets */; };
		ECF92E0F1D8E887800E4C9D6 /* LaunchScreen.storyboard in Resources */ = {isa = PBXBuildFile; fileRef = ECF92E0D1D8E887800E4C9D6 /* LaunchScreen.storyboard */; };
		ECF92E171D8E8A6800E4C9D6 /* MovieCell.swift in Sources */ = {isa = PBXBuildFile; fileRef = ECF92E161D8E8A6800E4C9D6 /* MovieCell.swift */; };
/* End PBXBuildFile section */

/* Begin PBXFileReference section */
		4953E2A440B6CD9CFED64796 /* Pods-MovieGuide.release.xcconfig */ = {isa = PBXFileReference; includeInIndex = 1; lastKnownFileType = text.xcconfig; name = "Pods-MovieGuide.release.xcconfig"; path = "Pods/Target Support Files/Pods-MovieGuide/Pods-MovieGuide.release.xcconfig"; sourceTree = "<group>"; };
		68E85A2D6362F1D9F18E917D /* Pods-MovieGuide.debug.xcconfig */ = {isa = PBXFileReference; includeInIndex = 1; lastKnownFileType = text.xcconfig; name = "Pods-MovieGuide.debug.xcconfig"; path = "Pods/Target Support Files/Pods-MovieGuide/Pods-MovieGuide.debug.xcconfig"; sourceTree = "<group>"; };
		9E9FA007925CF3EA4C0AF16F /* Pods_MovieGuide.framework */ = {isa = PBXFileReference; explicitFileType = wrapper.framework; includeInIndex = 0; path = Pods_MovieGuide.framework; sourceTree = BUILT_PRODUCTS_DIR; };
		EC87ED181DA07ECC0077C48B /* Movie.swift */ = {isa = PBXFileReference; fileEncoding = 4; lastKnownFileType = sourcecode.swift; path = Movie.swift; sourceTree = "<group>"; };
		EC87ED1A1DA081F80077C48B /* MovieDetailController.swift */ = {isa = PBXFileReference; fileEncoding = 4; lastKnownFileType = sourcecode.swift; path = MovieDetailController.swift; sourceTree = "<group>"; };
		ECF92E011D8E887800E4C9D6 /* MovieGuide.app */ = {isa = PBXFileReference; explicitFileType = wrapper.application; includeInIndex = 0; path = MovieGuide.app; sourceTree = BUILT_PRODUCTS_DIR; };
		ECF92E041D8E887800E4C9D6 /* AppDelegate.swift */ = {isa = PBXFileReference; lastKnownFileType = sourcecode.swift; path = AppDelegate.swift; sourceTree = "<group>"; };
		ECF92E061D8E887800E4C9D6 /* ViewController.swift */ = {isa = PBXFileReference; lastKnownFileType = sourcecode.swift; path = ViewController.swift; sourceTree = "<group>"; };
		ECF92E091D8E887800E4C9D6 /* Base */ = {isa = PBXFileReference; lastKnownFileType = file.storyboard; name = Base; path = Base.lproj/Main.storyboard; sourceTree = "<group>"; };
		ECF92E0B1D8E887800E4C9D6 /* Assets.xcassets */ = {isa = PBXFileReference; lastKnownFileType = folder.assetcatalog; path = Assets.xcassets; sourceTree = "<group>"; };
		ECF92E0E1D8E887800E4C9D6 /* Base */ = {isa = PBXFileReference; lastKnownFileType = file.storyboard; name = Base; path = Base.lproj/LaunchScreen.storyboard; sourceTree = "<group>"; };
		ECF92E101D8E887800E4C9D6 /* Info.plist */ = {isa = PBXFileReference; lastKnownFileType = text.plist.xml; path = Info.plist; sourceTree = "<group>"; };
		ECF92E161D8E8A6800E4C9D6 /* MovieCell.swift */ = {isa = PBXFileReference; fileEncoding = 4; lastKnownFileType = sourcecode.swift; path = MovieCell.swift; sourceTree = "<group>"; };
/* End PBXFileReference section */

/* Begin PBXFrameworksBuildPhase section */
		ECF92DFE1D8E887800E4C9D6 /* Frameworks */ = {
			isa = PBXFrameworksBuildPhase;
			buildActionMask = 2147483647;
			files = (
				88553292BB2FF176AD325DB8 /* Pods_MovieGuide.framework in Frameworks */,
			);
			runOnlyForDeploymentPostprocessing = 0;
		};
/* End PBXFrameworksBuildPhase section */

/* Begin PBXGroup section */
		6EB5E7F33CC5CF9E55F78F48 /* Frameworks */ = {
			isa = PBXGroup;
			children = (
				9E9FA007925CF3EA4C0AF16F /* Pods_MovieGuide.framework */,
			);
			name = Frameworks;
			sourceTree = "<group>";
		};
		85569FE633021333604301EB /* Pods */ = {
			isa = PBXGroup;
			children = (
				68E85A2D6362F1D9F18E917D /* Pods-MovieGuide.debug.xcconfig */,
				4953E2A440B6CD9CFED64796 /* Pods-MovieGuide.release.xcconfig */,
			);
			name = Pods;
			sourceTree = "<group>";
		};
		ECF92DF81D8E887800E4C9D6 = {
			isa = PBXGroup;
			children = (
				ECF92E031D8E887800E4C9D6 /* MovieGuide */,
				ECF92E021D8E887800E4C9D6 /* Products */,
				85569FE633021333604301EB /* Pods */,
				6EB5E7F33CC5CF9E55F78F48 /* Frameworks */,
			);
			sourceTree = "<group>";
		};
		ECF92E021D8E887800E4C9D6 /* Products */ = {
			isa = PBXGroup;
			children = (
				ECF92E011D8E887800E4C9D6 /* MovieGuide.app */,
			);
			name = Products;
			sourceTree = "<group>";
		};
		ECF92E031D8E887800E4C9D6 /* MovieGuide */ = {
			isa = PBXGroup;
			children = (
				ECF92E041D8E887800E4C9D6 /* AppDelegate.swift */,
				EC87ED181DA07ECC0077C48B /* Movie.swift */,
				ECF92E061D8E887800E4C9D6 /* ViewController.swift */,
				ECF92E161D8E8A6800E4C9D6 /* MovieCell.swift */,
				EC87ED1A1DA081F80077C48B /* MovieDetailController.swift */,
				ECF92E081D8E887800E4C9D6 /* Main.storyboard */,
				ECF92E0B1D8E887800E4C9D6 /* Assets.xcassets */,
				ECF92E0D1D8E887800E4C9D6 /* LaunchScreen.storyboard */,
				ECF92E101D8E887800E4C9D6 /* Info.plist */,
			);
			path = MovieGuide;
			sourceTree = "<group>";
		};
/* End PBXGroup section */

/* Begin PBXNativeTarget section */
		ECF92E001D8E887800E4C9D6 /* MovieGuide */ = {
			isa = PBXNativeTarget;
			buildConfigurationList = ECF92E131D8E887800E4C9D6 /* Build configuration list for PBXNativeTarget "MovieGuide" */;
			buildPhases = (
				CA27411E6F5557D2D3B23458 /* [CP] Check Pods Manifest.lock */,
				ECF92DFD1D8E887800E4C9D6 /* Sources */,
				ECF92DFE1D8E887800E4C9D6 /* Frameworks */,
				ECF92DFF1D8E887800E4C9D6 /* Resources */,
				7E7B218E1972F90C37831A48 /* [CP] Embed Pods Frameworks */,
				D070BED8494780EF4151ED3A /* [CP] Copy Pods Resources */,
			);
			buildRules = (
			);
			dependencies = (
			);
			name = MovieGuide;
			productName = MovieGuide;
			productReference = ECF92E011D8E887800E4C9D6 /* MovieGuide.app */;
			productType = "com.apple.product-type.application";
		};
/* End PBXNativeTarget section */

/* Begin PBXProject section */
		ECF92DF91D8E887800E4C9D6 /* Project object */ = {
			isa = PBXProject;
			attributes = {
				LastSwiftUpdateCheck = 0730;
				LastUpgradeCheck = 0730;
				ORGANIZATIONNAME = "Monte Thakkar";
				TargetAttributes = {
					ECF92E001D8E887800E4C9D6 = {
						CreatedOnToolsVersion = 7.3.1;
					};
				};
			};
			buildConfigurationList = ECF92DFC1D8E887800E4C9D6 /* Build configuration list for PBXProject "MovieGuide" */;
			compatibilityVersion = "Xcode 3.2";
			developmentRegion = English;
			hasScannedForEncodings = 0;
			knownRegions = (
				en,
				Base,
			);
			mainGroup = ECF92DF81D8E887800E4C9D6;
			productRefGroup = ECF92E021D8E887800E4C9D6 /* Products */;
			projectDirPath = "";
			projectRoot = "";
			targets = (
				ECF92E001D8E887800E4C9D6 /* MovieGuide */,
			);
		};
/* End PBXProject section */

/* Begin PBXResourcesBuildPhase section */
		ECF92DFF1D8E887800E4C9D6 /* Resources */ = {
			isa = PBXResourcesBuildPhase;
			buildActionMask = 2147483647;
			files = (
				ECF92E0F1D8E887800E4C9D6 /* LaunchScreen.storyboard in Resources */,
				ECF92E0C1D8E887800E4C9D6 /* Assets.xcassets in Resources */,
				ECF92E0A1D8E887800E4C9D6 /* Main.storyboard in Resources */,
			);
			runOnlyForDeploymentPostprocessing = 0;
		};
/* End PBXResourcesBuildPhase section */

/* Begin PBXShellScriptBuildPhase section */
		7E7B218E1972F90C37831A48 /* [CP] Embed Pods Frameworks */ = {
			isa = PBXShellScriptBuildPhase;
			buildActionMask = 2147483647;
			files = (
			);
			inputPaths = (
			);
			name = "[CP] Embed Pods Frameworks";
			outputPaths = (
			);
			runOnlyForDeploymentPostprocessing = 0;
			shellPath = /bin/sh;
			shellScript = "\"${SRCROOT}/Pods/Target Support Files/Pods-MovieGuide/Pods-MovieGuide-frameworks.sh\"\n";
			showEnvVarsInLog = 0;
		};
		CA27411E6F5557D2D3B23458 /* [CP] Check Pods Manifest.lock */ = {
			isa = PBXShellScriptBuildPhase;
			buildActionMask = 2147483647;
			files = (
			);
			inputPaths = (
			);
			name = "[CP] Check Pods Manifest.lock";
			outputPaths = (
			);
			runOnlyForDeploymentPostprocessing = 0;
			shellPath = /bin/sh;
			shellScript = "diff \"${PODS_ROOT}/../Podfile.lock\" \"${PODS_ROOT}/Manifest.lock\" > /dev/null\nif [[ $? != 0 ]] ; then\n    cat << EOM\nerror: The sandbox is not in sync with the Podfile.lock. Run 'pod install' or update your CocoaPods installation.\nEOM\n    exit 1\nfi\n";
			showEnvVarsInLog = 0;
		};
		D070BED8494780EF4151ED3A /* [CP] Copy Pods Resources */ = {
			isa = PBXShellScriptBuildPhase;
			buildActionMask = 2147483647;
			files = (
			);
			inputPaths = (
			);
			name = "[CP] Copy Pods Resources";
			outputPaths = (
			);
			runOnlyForDeploymentPostprocessing = 0;
			shellPath = /bin/sh;
			shellScript = "\"${SRCROOT}/Pods/Target Support Files/Pods-MovieGuide/Pods-MovieGuide-resources.sh\"\n";
			showEnvVarsInLog = 0;
		};
/* End PBXShellScriptBuildPhase section */

/* Begin PBXSourcesBuildPhase section */
		ECF92DFD1D8E887800E4C9D6 /* Sources */ = {
			isa = PBXSourcesBuildPhase;
			buildActionMask = 2147483647;
			files = (
				ECF92E071D8E887800E4C9D6 /* ViewController.swift in Sources */,
				EC87ED1B1DA081F80077C48B /* MovieDetailController.swift in Sources */,
				ECF92E051D8E887800E4C9D6 /* AppDelegate.swift in Sources */,
				EC87ED191DA07ECC0077C48B /* Movie.swift in Sources */,
				ECF92E171D8E8A6800E4C9D6 /* MovieCell.swift in Sources */,
			);
			runOnlyForDeploymentPostprocessing = 0;
		};
/* End PBXSourcesBuildPhase section */

/* Begin PBXVariantGroup section */
		ECF92E081D8E887800E4C9D6 /* Main.storyboard */ = {
			isa = PBXVariantGroup;
			children = (
				ECF92E091D8E887800E4C9D6 /* Base */,
			);
			name = Main.storyboard;
			sourceTree = "<group>";
		};
		ECF92E0D1D8E887800E4C9D6 /* LaunchScreen.storyboard */ = {
			isa = PBXVariantGroup;
			children = (
				ECF92E0E1D8E887800E4C9D6 /* Base */,
			);
			name = LaunchScreen.storyboard;
			sourceTree = "<group>";
		};
/* End PBXVariantGroup section */

/* Begin XCBuildConfiguration section */
		ECF92E111D8E887800E4C9D6 /* Debug */ = {
			isa = XCBuildConfiguration;
			buildSettings = {
				ALWAYS_SEARCH_USER_PATHS = NO;
				CLANG_ANALYZER_NONNULL = YES;
				CLANG_CXX_LANGUAGE_STANDARD = "gnu++0x";
				CLANG_CXX_LIBRARY = "libc++";
				CLANG_ENABLE_MODULES = YES;
				CLANG_ENABLE_OBJC_ARC = YES;
				CLANG_WARN_BOOL_CONVERSION = YES;
				CLANG_WARN_CONSTANT_CONVERSION = YES;
				CLANG_WARN_DIRECT_OBJC_ISA_USAGE = YES_ERROR;
				CLANG_WARN_EMPTY_BODY = YES;
				CLANG_WARN_ENUM_CONVERSION = YES;
				CLANG_WARN_INT_CONVERSION = YES;
				CLANG_WARN_OBJC_ROOT_CLASS = YES_ERROR;
				CLANG_WARN_UNREACHABLE_CODE = YES;
				CLANG_WARN__DUPLICATE_METHOD_MATCH = YES;
				"CODE_SIGN_IDENTITY[sdk=iphoneos*]" = "iPhone Developer";
				COPY_PHASE_STRIP = NO;
				DEBUG_INFORMATION_FORMAT = dwarf;
				ENABLE_STRICT_OBJC_MSGSEND = YES;
				ENABLE_TESTABILITY = YES;
				GCC_C_LANGUAGE_STANDARD = gnu99;
				GCC_DYNAMIC_NO_PIC = NO;
				GCC_NO_COMMON_BLOCKS = YES;
				GCC_OPTIMIZATION_LEVEL = 0;
				GCC_PREPROCESSOR_DEFINITIONS = (
					"DEBUG=1",
					"$(inherited)",
				);
				GCC_WARN_64_TO_32_BIT_CONVERSION = YES;
				GCC_WARN_ABOUT_RETURN_TYPE = YES_ERROR;
				GCC_WARN_UNDECLARED_SELECTOR = YES;
				GCC_WARN_UNINITIALIZED_AUTOS = YES_AGGRESSIVE;
				GCC_WARN_UNUSED_FUNCTION = YES;
				GCC_WARN_UNUSED_VARIABLE = YES;
				IPHONEOS_DEPLOYMENT_TARGET = 9.3;
				MTL_ENABLE_DEBUG_INFO = YES;
				ONLY_ACTIVE_ARCH = YES;
				SDKROOT = iphoneos;
				SWIFT_OPTIMIZATION_LEVEL = "-Onone";
				TARGETED_DEVICE_FAMILY = "1,2";
			};
			name = Debug;
		};
		ECF92E121D8E887800E4C9D6 /* Release */ = {
			isa = XCBuildConfiguration;
			buildSettings = {
				ALWAYS_SEARCH_USER_PATHS = NO;
				CLANG_ANALYZER_NONNULL = YES;
				CLANG_CXX_LANGUAGE_STANDARD = "gnu++0x";
				CLANG_CXX_LIBRARY = "libc++";
				CLANG_ENABLE_MODULES = YES;
				CLANG_ENABLE_OBJC_ARC = YES;
				CLANG_WARN_BOOL_CONVERSION = YES;
				CLANG_WARN_CONSTANT_CONVERSION = YES;
				CLANG_WARN_DIRECT_OBJC_ISA_USAGE = YES_ERROR;
				CLANG_WARN_EMPTY_BODY = YES;
				CLANG_WARN_ENUM_CONVERSION = YES;
				CLANG_WARN_INT_CONVERSION = YES;
				CLANG_WARN_OBJC_ROOT_CLASS = YES_ERROR;
				CLANG_WARN_UNREACHABLE_CODE = YES;
				CLANG_WARN__DUPLICATE_METHOD_MATCH = YES;
				"CODE_SIGN_IDENTITY[sdk=iphoneos*]" = "iPhone Developer";
				COPY_PHASE_STRIP = NO;
				DEBUG_INFORMATION_FORMAT = "dwarf-with-dsym";
				ENABLE_NS_ASSERTIONS = NO;
				ENABLE_STRICT_OBJC_MSGSEND = YES;
				GCC_C_LANGUAGE_STANDARD = gnu99;
				GCC_NO_COMMON_BLOCKS = YES;
				GCC_WARN_64_TO_32_BIT_CONVERSION = YES;
				GCC_WARN_ABOUT_RETURN_TYPE = YES_ERROR;
				GCC_WARN_UNDECLARED_SELECTOR = YES;
				GCC_WARN_UNINITIALIZED_AUTOS = YES_AGGRESSIVE;
				GCC_WARN_UNUSED_FUNCTION = YES;
				GCC_WARN_UNUSED_VARIABLE = YES;
				IPHONEOS_DEPLOYMENT_TARGET = 9.3;
				MTL_ENABLE_DEBUG_INFO = NO;
				SDKROOT = iphoneos;
				TARGETED_DEVICE_FAMILY = "1,2";
				VALIDATE_PRODUCT = YES;
			};
			name = Release;
		};
		ECF92E141D8E887800E4C9D6 /* Debug */ = {
			isa = XCBuildConfiguration;
			baseConfigurationReference = 68E85A2D6362F1D9F18E917D /* Pods-MovieGuide.debug.xcconfig */;
			buildSettings = {
				ASSETCATALOG_COMPILER_APPICON_NAME = AppIcon;
				INFOPLIST_FILE = MovieGuide/Info.plist;
				LD_RUNPATH_SEARCH_PATHS = "$(inherited) @executable_path/Frameworks";
				PRODUCT_BUNDLE_IDENTIFIER = com.montethakkar.MovieGuide;
				PRODUCT_NAME = "$(TARGET_NAME)";
			};
			name = Debug;
		};
		ECF92E151D8E887800E4C9D6 /* Release */ = {
			isa = XCBuildConfiguration;
			baseConfigurationReference = 4953E2A440B6CD9CFED64796 /* Pods-MovieGuide.release.xcconfig */;
			buildSettings = {
				ASSETCATALOG_COMPILER_APPICON_NAME = AppIcon;
				INFOPLIST_FILE = MovieGuide/Info.plist;
				LD_RUNPATH_SEARCH_PATHS = "$(inherited) @executable_path/Frameworks";
				PRODUCT_BUNDLE_IDENTIFIER = com.montethakkar.MovieGuide;
				PRODUCT_NAME = "$(TARGET_NAME)";
			};
			name = Release;
		};
/* End XCBuildConfiguration section */

/* Begin XCConfigurationList section */
		ECF92DFC1D8E887800E4C9D6 /* Build configuration list for PBXProject "MovieGuide" */ = {
			isa = XCConfigurationList;
			buildConfigurations = (
				ECF92E111D8E887800E4C9D6 /* Debug */,
				ECF92E121D8E887800E4C9D6 /* Release */,
			);
			defaultConfigurationIsVisible = 0;
			defaultConfigurationName = Release;
		};
		ECF92E131D8E887800E4C9D6 /* Build configuration list for PBXNativeTarget "MovieGuide" */ = {
			isa = XCConfigurationList;
			buildConfigurations = (
				ECF92E141D8E887800E4C9D6 /* Debug */,
				ECF92E151D8E887800E4C9D6 /* Release */,
			);
			defaultConfigurationIsVisible = 0;
			defaultConfigurationName = Release;
		};
/* End XCConfigurationList section */
	};
	rootObject = ECF92DF91D8E887800E4C9D6 /* Project object */;
}
